// !$*UTF8*$!
{
	archiveVersion = 1;
	classes = {
	};
	objectVersion = 50;
	objects = {

/* Begin PBXBuildFile section */
		7A0C788F217401F80031BB06 /* WeightLogic.swift in Sources */ = {isa = PBXBuildFile; fileRef = 7A0C788E217401F80031BB06 /* WeightLogic.swift */; };
		7A0C789121740BC00031BB06 /* HealthKit.framework in Frameworks */ = {isa = PBXBuildFile; fileRef = 7A0C789021740BC00031BB06 /* HealthKit.framework */; };
		7A0C78952174317F0031BB06 /* WeightLogic.swift in Sources */ = {isa = PBXBuildFile; fileRef = 7A0C788E217401F80031BB06 /* WeightLogic.swift */; };
		7A12179721735E8A00F3AE27 /* HealthKit.framework in Frameworks */ = {isa = PBXBuildFile; fileRef = 7A12179621735E8A00F3AE27 /* HealthKit.framework */; };
		7A330F74216B777800137F78 /* AppDelegate.swift in Sources */ = {isa = PBXBuildFile; fileRef = 7A330F73216B777800137F78 /* AppDelegate.swift */; };
		7A330F76216B777800137F78 /* ViewController.swift in Sources */ = {isa = PBXBuildFile; fileRef = 7A330F75216B777800137F78 /* ViewController.swift */; };
		7A330F79216B777800137F78 /* Main.storyboard in Resources */ = {isa = PBXBuildFile; fileRef = 7A330F77216B777800137F78 /* Main.storyboard */; };
		7A330F7B216B777900137F78 /* Assets.xcassets in Resources */ = {isa = PBXBuildFile; fileRef = 7A330F7A216B777900137F78 /* Assets.xcassets */; };
		7A330F7E216B777900137F78 /* LaunchScreen.storyboard in Resources */ = {isa = PBXBuildFile; fileRef = 7A330F7C216B777900137F78 /* LaunchScreen.storyboard */; };
		7A330F83216B777900137F78 /* Weight WatchKit App.app in Embed Watch Content */ = {isa = PBXBuildFile; fileRef = 7A330F82216B777900137F78 /* Weight WatchKit App.app */; };
		7A330F92216B777900137F78 /* Weight WatchKit Extension.appex in Embed App Extensions */ = {isa = PBXBuildFile; fileRef = 7A330F91216B777900137F78 /* Weight WatchKit Extension.appex */; settings = {ATTRIBUTES = (RemoveHeadersOnCopy, ); }; };
		7A330F97216B777900137F78 /* EntryInterfaceController.swift in Sources */ = {isa = PBXBuildFile; fileRef = 7A330F96216B777900137F78 /* EntryInterfaceController.swift */; };
		7A330F99216B777900137F78 /* ExtensionDelegate.swift in Sources */ = {isa = PBXBuildFile; fileRef = 7A330F98216B777900137F78 /* ExtensionDelegate.swift */; };
		7A330F9B216B777A00137F78 /* Assets.xcassets in Resources */ = {isa = PBXBuildFile; fileRef = 7A330F9A216B777A00137F78 /* Assets.xcassets */; };
		7A3B9A6721A13D1000E6F1C1 /* HealthKitLogic.swift in Sources */ = {isa = PBXBuildFile; fileRef = 7AA8D54A21A116C5008540D9 /* HealthKitLogic.swift */; };
		7A4A9A5721868ADF00F7835E /* ResultsViewController.swift in Sources */ = {isa = PBXBuildFile; fileRef = 7A4A9A5621868ADF00F7835E /* ResultsViewController.swift */; };
		7A602FBD2175D1EB006F22F5 /* SuccessInterfaceController.swift in Sources */ = {isa = PBXBuildFile; fileRef = 7A602FBC2175D1EB006F22F5 /* SuccessInterfaceController.swift */; };
		7AA8D54421A10A35008540D9 /* ResultsParameters.swift in Sources */ = {isa = PBXBuildFile; fileRef = 7AA8D54321A10A35008540D9 /* ResultsParameters.swift */; };
		7AA8D54621A10DF1008540D9 /* ResultsParameters.swift in Sources */ = {isa = PBXBuildFile; fileRef = 7AA8D54321A10A35008540D9 /* ResultsParameters.swift */; };
		7AA8D54B21A116C5008540D9 /* HealthKitLogic.swift in Sources */ = {isa = PBXBuildFile; fileRef = 7AA8D54A21A116C5008540D9 /* HealthKitLogic.swift */; };
		7AA8E95421A63F96000F5225 /* Interface.storyboard in Resources */ = {isa = PBXBuildFile; fileRef = 7AA8E95221A63F96000F5225 /* Interface.storyboard */; };
		7AA8E95521A63F96000F5225 /* Interface.storyboard in Resources */ = {isa = PBXBuildFile; fileRef = 7AA8E95221A63F96000F5225 /* Interface.storyboard */; };
		7AA9FA9421A61B76001A017E /* Assets.xcassets in Resources */ = {isa = PBXBuildFile; fileRef = 7A330F8A216B777900137F78 /* Assets.xcassets */; };
		7AA9FA9521A61B79001A017E /* Assets.xcassets in Resources */ = {isa = PBXBuildFile; fileRef = 7A330F8A216B777900137F78 /* Assets.xcassets */; };
		7AFDEBF321A522D000199C85 /* UnitsEnum.swift in Sources */ = {isa = PBXBuildFile; fileRef = 7AFDEBF221A522D000199C85 /* UnitsEnum.swift */; };
		7AFDEBF421A5238500199C85 /* UnitsEnum.swift in Sources */ = {isa = PBXBuildFile; fileRef = 7AFDEBF221A522D000199C85 /* UnitsEnum.swift */; };
/* End PBXBuildFile section */

/* Begin PBXContainerItemProxy section */
		7A330F84216B777900137F78 /* PBXContainerItemProxy */ = {
			isa = PBXContainerItemProxy;
			containerPortal = 7A330F68216B777800137F78 /* Project object */;
			proxyType = 1;
			remoteGlobalIDString = 7A330F81216B777900137F78;
			remoteInfo = "Weight WatchKit App";
		};
		7A330F93216B777900137F78 /* PBXContainerItemProxy */ = {
			isa = PBXContainerItemProxy;
			containerPortal = 7A330F68216B777800137F78 /* Project object */;
			proxyType = 1;
			remoteGlobalIDString = 7A330F90216B777900137F78;
			remoteInfo = "Weight WatchKit Extension";
		};
/* End PBXContainerItemProxy section */

/* Begin PBXCopyFilesBuildPhase section */
		7A330FA2216B777A00137F78 /* Embed App Extensions */ = {
			isa = PBXCopyFilesBuildPhase;
			buildActionMask = 2147483647;
			dstPath = "";
			dstSubfolderSpec = 13;
			files = (
				7A330F92216B777900137F78 /* Weight WatchKit Extension.appex in Embed App Extensions */,
			);
			name = "Embed App Extensions";
			runOnlyForDeploymentPostprocessing = 0;
		};
		7A330FA6216B777A00137F78 /* Embed Watch Content */ = {
			isa = PBXCopyFilesBuildPhase;
			buildActionMask = 2147483647;
			dstPath = "$(CONTENTS_FOLDER_PATH)/Watch";
			dstSubfolderSpec = 16;
			files = (
				7A330F83216B777900137F78 /* Weight WatchKit App.app in Embed Watch Content */,
			);
			name = "Embed Watch Content";
			runOnlyForDeploymentPostprocessing = 0;
		};
/* End PBXCopyFilesBuildPhase section */

/* Begin PBXFileReference section */
		7A0C788E217401F80031BB06 /* WeightLogic.swift */ = {isa = PBXFileReference; lastKnownFileType = sourcecode.swift; path = WeightLogic.swift; sourceTree = "<group>"; };
		7A0C789021740BC00031BB06 /* HealthKit.framework */ = {isa = PBXFileReference; lastKnownFileType = wrapper.framework; name = HealthKit.framework; path = System/Library/Frameworks/HealthKit.framework; sourceTree = SDKROOT; };
		7A12179221735E4C00F3AE27 /* Weight.entitlements */ = {isa = PBXFileReference; lastKnownFileType = text.plist.entitlements; path = Weight.entitlements; sourceTree = "<group>"; };
		7A12179621735E8A00F3AE27 /* HealthKit.framework */ = {isa = PBXFileReference; lastKnownFileType = wrapper.framework; name = HealthKit.framework; path = Platforms/WatchOS.platform/Developer/SDKs/WatchOS5.0.sdk/System/Library/Frameworks/HealthKit.framework; sourceTree = DEVELOPER_DIR; };
		7A12179821735E8A00F3AE27 /* Weight WatchKit Extension.entitlements */ = {isa = PBXFileReference; lastKnownFileType = text.plist.entitlements; path = "Weight WatchKit Extension.entitlements"; sourceTree = "<group>"; };
		7A330F70216B777800137F78 /* Weight.app */ = {isa = PBXFileReference; explicitFileType = wrapper.application; includeInIndex = 0; path = Weight.app; sourceTree = BUILT_PRODUCTS_DIR; };
		7A330F73216B777800137F78 /* AppDelegate.swift */ = {isa = PBXFileReference; lastKnownFileType = sourcecode.swift; path = AppDelegate.swift; sourceTree = "<group>"; };
		7A330F75216B777800137F78 /* ViewController.swift */ = {isa = PBXFileReference; lastKnownFileType = sourcecode.swift; path = ViewController.swift; sourceTree = "<group>"; };
		7A330F7A216B777900137F78 /* Assets.xcassets */ = {isa = PBXFileReference; lastKnownFileType = folder.assetcatalog; path = Assets.xcassets; sourceTree = "<group>"; };
		7A330F7F216B777900137F78 /* Info.plist */ = {isa = PBXFileReference; lastKnownFileType = text.plist.xml; path = Info.plist; sourceTree = "<group>"; };
		7A330F82216B777900137F78 /* Weight WatchKit App.app */ = {isa = PBXFileReference; explicitFileType = wrapper.application; includeInIndex = 0; path = "Weight WatchKit App.app"; sourceTree = BUILT_PRODUCTS_DIR; };
		7A330F8A216B777900137F78 /* Assets.xcassets */ = {isa = PBXFileReference; lastKnownFileType = folder.assetcatalog; path = Assets.xcassets; sourceTree = "<group>"; };
		7A330F8C216B777900137F78 /* Info.plist */ = {isa = PBXFileReference; lastKnownFileType = text.plist.xml; path = Info.plist; sourceTree = "<group>"; };
		7A330F91216B777900137F78 /* Weight WatchKit Extension.appex */ = {isa = PBXFileReference; explicitFileType = "wrapper.app-extension"; includeInIndex = 0; path = "Weight WatchKit Extension.appex"; sourceTree = BUILT_PRODUCTS_DIR; };
		7A330F96216B777900137F78 /* EntryInterfaceController.swift */ = {isa = PBXFileReference; lastKnownFileType = sourcecode.swift; path = EntryInterfaceController.swift; sourceTree = "<group>"; };
		7A330F98216B777900137F78 /* ExtensionDelegate.swift */ = {isa = PBXFileReference; lastKnownFileType = sourcecode.swift; path = ExtensionDelegate.swift; sourceTree = "<group>"; };
		7A330F9A216B777A00137F78 /* Assets.xcassets */ = {isa = PBXFileReference; lastKnownFileType = folder.assetcatalog; path = Assets.xcassets; sourceTree = "<group>"; };
		7A330F9C216B777A00137F78 /* Info.plist */ = {isa = PBXFileReference; lastKnownFileType = text.plist.xml; path = Info.plist; sourceTree = "<group>"; };
		7A4A9A5621868ADF00F7835E /* ResultsViewController.swift */ = {isa = PBXFileReference; lastKnownFileType = sourcecode.swift; path = ResultsViewController.swift; sourceTree = "<group>"; };
		7A602FBC2175D1EB006F22F5 /* SuccessInterfaceController.swift */ = {isa = PBXFileReference; lastKnownFileType = sourcecode.swift; path = SuccessInterfaceController.swift; sourceTree = "<group>"; };
		7AA5B87921A653C4006E00E8 /* Base */ = {isa = PBXFileReference; lastKnownFileType = file.storyboard; name = Base; path = Base.lproj/Main.storyboard; sourceTree = "<group>"; };
		7AA5B87A21A653C4006E00E8 /* Base */ = {isa = PBXFileReference; lastKnownFileType = file.storyboard; name = Base; path = Base.lproj/LaunchScreen.storyboard; sourceTree = "<group>"; };
		7AA5B87B21A653C5006E00E8 /* Base */ = {isa = PBXFileReference; lastKnownFileType = file.storyboard; name = Base; path = Base.lproj/Interface.storyboard; sourceTree = "<group>"; };
		7AA8D54321A10A35008540D9 /* ResultsParameters.swift */ = {isa = PBXFileReference; lastKnownFileType = sourcecode.swift; path = ResultsParameters.swift; sourceTree = "<group>"; };
		7AA8D54A21A116C5008540D9 /* HealthKitLogic.swift */ = {isa = PBXFileReference; lastKnownFileType = sourcecode.swift; path = HealthKitLogic.swift; sourceTree = "<group>"; };
		7AFDEBF221A522D000199C85 /* UnitsEnum.swift */ = {isa = PBXFileReference; lastKnownFileType = sourcecode.swift; path = UnitsEnum.swift; sourceTree = "<group>"; };
/* End PBXFileReference section */

/* Begin PBXFrameworksBuildPhase section */
		7A330F6D216B777800137F78 /* Frameworks */ = {
			isa = PBXFrameworksBuildPhase;
			buildActionMask = 2147483647;
			files = (
				7A0C789121740BC00031BB06 /* HealthKit.framework in Frameworks */,
			);
			runOnlyForDeploymentPostprocessing = 0;
		};
		7A330F8E216B777900137F78 /* Frameworks */ = {
			isa = PBXFrameworksBuildPhase;
			buildActionMask = 2147483647;
			files = (
				7A12179721735E8A00F3AE27 /* HealthKit.framework in Frameworks */,
			);
			runOnlyForDeploymentPostprocessing = 0;
		};
/* End PBXFrameworksBuildPhase section */

/* Begin PBXGroup section */
		7A0C7894217431730031BB06 /* Shared */ = {
			isa = PBXGroup;
			children = (
				7AA8D54321A10A35008540D9 /* ResultsParameters.swift */,
				7AA8D54A21A116C5008540D9 /* HealthKitLogic.swift */,
				7A0C788E217401F80031BB06 /* WeightLogic.swift */,
				7AFDEBF221A522D000199C85 /* UnitsEnum.swift */,
			);
			path = Shared;
			sourceTree = "<group>";
		};
		7A12179321735E4C00F3AE27 /* Frameworks */ = {
			isa = PBXGroup;
			children = (
				7A0C789021740BC00031BB06 /* HealthKit.framework */,
				7A12179621735E8A00F3AE27 /* HealthKit.framework */,
			);
			name = Frameworks;
			sourceTree = "<group>";
		};
		7A330F67216B777800137F78 = {
			isa = PBXGroup;
			children = (
				7A0C7894217431730031BB06 /* Shared */,
				7A330F72216B777800137F78 /* Weight */,
				7A330F86216B777900137F78 /* Weight WatchKit App */,
				7A330F95216B777900137F78 /* Weight WatchKit Extension */,
				7A330F71216B777800137F78 /* Products */,
				7A12179321735E4C00F3AE27 /* Frameworks */,
			);
			sourceTree = "<group>";
		};
		7A330F71216B777800137F78 /* Products */ = {
			isa = PBXGroup;
			children = (
				7A330F70216B777800137F78 /* Weight.app */,
				7A330F82216B777900137F78 /* Weight WatchKit App.app */,
				7A330F91216B777900137F78 /* Weight WatchKit Extension.appex */,
			);
			name = Products;
			sourceTree = "<group>";
		};
		7A330F72216B777800137F78 /* Weight */ = {
			isa = PBXGroup;
			children = (
				7A12179221735E4C00F3AE27 /* Weight.entitlements */,
				7A330F73216B777800137F78 /* AppDelegate.swift */,
				7A330F75216B777800137F78 /* ViewController.swift */,
				7A4A9A5621868ADF00F7835E /* ResultsViewController.swift */,
				7A330F77216B777800137F78 /* Main.storyboard */,
				7A330F7A216B777900137F78 /* Assets.xcassets */,
				7A330F7C216B777900137F78 /* LaunchScreen.storyboard */,
				7A330F7F216B777900137F78 /* Info.plist */,
			);
			path = Weight;
			sourceTree = "<group>";
		};
		7A330F86216B777900137F78 /* Weight WatchKit App */ = {
			isa = PBXGroup;
			children = (
				7AA8E95221A63F96000F5225 /* Interface.storyboard */,
				7A330F8A216B777900137F78 /* Assets.xcassets */,
				7A330F8C216B777900137F78 /* Info.plist */,
			);
			path = "Weight WatchKit App";
			sourceTree = "<group>";
		};
		7A330F95216B777900137F78 /* Weight WatchKit Extension */ = {
			isa = PBXGroup;
			children = (
				7A12179821735E8A00F3AE27 /* Weight WatchKit Extension.entitlements */,
				7A330F96216B777900137F78 /* EntryInterfaceController.swift */,
				7A602FBC2175D1EB006F22F5 /* SuccessInterfaceController.swift */,
				7A330F98216B777900137F78 /* ExtensionDelegate.swift */,
				7A330F9A216B777A00137F78 /* Assets.xcassets */,
				7A330F9C216B777A00137F78 /* Info.plist */,
			);
			path = "Weight WatchKit Extension";
			sourceTree = "<group>";
		};
/* End PBXGroup section */

/* Begin PBXNativeTarget section */
		7A330F6F216B777800137F78 /* Weight */ = {
			isa = PBXNativeTarget;
			buildConfigurationList = 7A330FA7216B777A00137F78 /* Build configuration list for PBXNativeTarget "Weight" */;
			buildPhases = (
				7A330F6C216B777800137F78 /* Sources */,
				7A330F6D216B777800137F78 /* Frameworks */,
				7A330F6E216B777800137F78 /* Resources */,
				7A330FA6216B777A00137F78 /* Embed Watch Content */,
			);
			buildRules = (
			);
			dependencies = (
				7A330F85216B777900137F78 /* PBXTargetDependency */,
			);
			name = Weight;
			productName = Weight;
			productReference = 7A330F70216B777800137F78 /* Weight.app */;
			productType = "com.apple.product-type.application";
		};
		7A330F81216B777900137F78 /* Weight WatchKit App */ = {
			isa = PBXNativeTarget;
			buildConfigurationList = 7A330FA3216B777A00137F78 /* Build configuration list for PBXNativeTarget "Weight WatchKit App" */;
			buildPhases = (
				7A330F80216B777900137F78 /* Resources */,
				7A330FA2216B777A00137F78 /* Embed App Extensions */,
			);
			buildRules = (
			);
			dependencies = (
				7A330F94216B777900137F78 /* PBXTargetDependency */,
			);
			name = "Weight WatchKit App";
			productName = "Weight WatchKit App";
			productReference = 7A330F82216B777900137F78 /* Weight WatchKit App.app */;
			productType = "com.apple.product-type.application.watchapp2";
		};
		7A330F90216B777900137F78 /* Weight WatchKit Extension */ = {
			isa = PBXNativeTarget;
			buildConfigurationList = 7A330F9F216B777A00137F78 /* Build configuration list for PBXNativeTarget "Weight WatchKit Extension" */;
			buildPhases = (
				7A330F8D216B777900137F78 /* Sources */,
				7A330F8E216B777900137F78 /* Frameworks */,
				7A330F8F216B777900137F78 /* Resources */,
			);
			buildRules = (
			);
			dependencies = (
			);
			name = "Weight WatchKit Extension";
			productName = "Weight WatchKit Extension";
			productReference = 7A330F91216B777900137F78 /* Weight WatchKit Extension.appex */;
			productType = "com.apple.product-type.watchkit2-extension";
		};
/* End PBXNativeTarget section */

/* Begin PBXProject section */
		7A330F68216B777800137F78 /* Project object */ = {
			isa = PBXProject;
			attributes = {
				LastSwiftUpdateCheck = 1000;
				LastUpgradeCheck = 1000;
				ORGANIZATIONNAME = "Jackson Sommerich";
				TargetAttributes = {
					7A330F6F216B777800137F78 = {
						CreatedOnToolsVersion = 10.0;
						SystemCapabilities = {
							com.apple.HealthKit = {
								enabled = 1;
							};
						};
					};
					7A330F81216B777900137F78 = {
						CreatedOnToolsVersion = 10.0;
					};
					7A330F90216B777900137F78 = {
						CreatedOnToolsVersion = 10.0;
						SystemCapabilities = {
							com.apple.HealthKit.watchos = {
								enabled = 1;
							};
						};
					};
				};
			};
			buildConfigurationList = 7A330F6B216B777800137F78 /* Build configuration list for PBXProject "Weight" */;
			compatibilityVersion = "Xcode 9.3";
			developmentRegion = en;
			hasScannedForEncodings = 0;
			knownRegions = (
				Base,
			);
			mainGroup = 7A330F67216B777800137F78;
			productRefGroup = 7A330F71216B777800137F78 /* Products */;
			projectDirPath = "";
			projectRoot = "";
			targets = (
				7A330F6F216B777800137F78 /* Weight */,
				7A330F81216B777900137F78 /* Weight WatchKit App */,
				7A330F90216B777900137F78 /* Weight WatchKit Extension */,
			);
		};
/* End PBXProject section */

/* Begin PBXResourcesBuildPhase section */
		7A330F6E216B777800137F78 /* Resources */ = {
			isa = PBXResourcesBuildPhase;
			buildActionMask = 2147483647;
			files = (
				7A330F7E216B777900137F78 /* LaunchScreen.storyboard in Resources */,
				7A330F7B216B777900137F78 /* Assets.xcassets in Resources */,
				7A330F79216B777800137F78 /* Main.storyboard in Resources */,
			);
			runOnlyForDeploymentPostprocessing = 0;
		};
		7A330F80216B777900137F78 /* Resources */ = {
			isa = PBXResourcesBuildPhase;
			buildActionMask = 2147483647;
			files = (
				7AA8E95421A63F96000F5225 /* Interface.storyboard in Resources */,
				7AA9FA9421A61B76001A017E /* Assets.xcassets in Resources */,
			);
			runOnlyForDeploymentPostprocessing = 0;
		};
		7A330F8F216B777900137F78 /* Resources */ = {
			isa = PBXResourcesBuildPhase;
			buildActionMask = 2147483647;
			files = (
				7AA9FA9521A61B79001A017E /* Assets.xcassets in Resources */,
				7AA8E95521A63F96000F5225 /* Interface.storyboard in Resources */,
				7A330F9B216B777A00137F78 /* Assets.xcassets in Resources */,
			);
			runOnlyForDeploymentPostprocessing = 0;
		};
/* End PBXResourcesBuildPhase section */

/* Begin PBXSourcesBuildPhase section */
		7A330F6C216B777800137F78 /* Sources */ = {
			isa = PBXSourcesBuildPhase;
			buildActionMask = 2147483647;
			files = (
				7A330F76216B777800137F78 /* ViewController.swift in Sources */,
				7AFDEBF321A522D000199C85 /* UnitsEnum.swift in Sources */,
				7AA8D54B21A116C5008540D9 /* HealthKitLogic.swift in Sources */,
				7A0C78952174317F0031BB06 /* WeightLogic.swift in Sources */,
				7AA8D54421A10A35008540D9 /* ResultsParameters.swift in Sources */,
				7A330F74216B777800137F78 /* AppDelegate.swift in Sources */,
				7A4A9A5721868ADF00F7835E /* ResultsViewController.swift in Sources */,
			);
			runOnlyForDeploymentPostprocessing = 0;
		};
		7A330F8D216B777900137F78 /* Sources */ = {
			isa = PBXSourcesBuildPhase;
			buildActionMask = 2147483647;
			files = (
				7A0C788F217401F80031BB06 /* WeightLogic.swift in Sources */,
				7AFDEBF421A5238500199C85 /* UnitsEnum.swift in Sources */,
				7A3B9A6721A13D1000E6F1C1 /* HealthKitLogic.swift in Sources */,
				7A602FBD2175D1EB006F22F5 /* SuccessInterfaceController.swift in Sources */,
				7A330F99216B777900137F78 /* ExtensionDelegate.swift in Sources */,
				7AA8D54621A10DF1008540D9 /* ResultsParameters.swift in Sources */,
				7A330F97216B777900137F78 /* EntryInterfaceController.swift in Sources */,
			);
			runOnlyForDeploymentPostprocessing = 0;
		};
/* End PBXSourcesBuildPhase section */

/* Begin PBXTargetDependency section */
		7A330F85216B777900137F78 /* PBXTargetDependency */ = {
			isa = PBXTargetDependency;
			target = 7A330F81216B777900137F78 /* Weight WatchKit App */;
			targetProxy = 7A330F84216B777900137F78 /* PBXContainerItemProxy */;
		};
		7A330F94216B777900137F78 /* PBXTargetDependency */ = {
			isa = PBXTargetDependency;
			target = 7A330F90216B777900137F78 /* Weight WatchKit Extension */;
			targetProxy = 7A330F93216B777900137F78 /* PBXContainerItemProxy */;
		};
/* End PBXTargetDependency section */

/* Begin PBXVariantGroup section */
		7A330F77216B777800137F78 /* Main.storyboard */ = {
			isa = PBXVariantGroup;
			children = (
				7AA5B87921A653C4006E00E8 /* Base */,
			);
			name = Main.storyboard;
			sourceTree = "<group>";
		};
		7A330F7C216B777900137F78 /* LaunchScreen.storyboard */ = {
			isa = PBXVariantGroup;
			children = (
				7AA5B87A21A653C4006E00E8 /* Base */,
			);
			name = LaunchScreen.storyboard;
			sourceTree = "<group>";
		};
		7AA8E95221A63F96000F5225 /* Interface.storyboard */ = {
			isa = PBXVariantGroup;
			children = (
				7AA5B87B21A653C5006E00E8 /* Base */,
			);
			name = Interface.storyboard;
			sourceTree = "<group>";
		};
/* End PBXVariantGroup section */

/* Begin XCBuildConfiguration section */
		7A330F9D216B777A00137F78 /* Debug */ = {
			isa = XCBuildConfiguration;
			buildSettings = {
				ALWAYS_SEARCH_USER_PATHS = NO;
				CLANG_ANALYZER_LOCALIZABILITY_NONLOCALIZED = YES;
				CLANG_ANALYZER_NONNULL = YES;
				CLANG_ANALYZER_NUMBER_OBJECT_CONVERSION = YES_AGGRESSIVE;
				CLANG_CXX_LANGUAGE_STANDARD = "gnu++14";
				CLANG_CXX_LIBRARY = "libc++";
				CLANG_ENABLE_MODULES = YES;
				CLANG_ENABLE_OBJC_ARC = YES;
				CLANG_ENABLE_OBJC_WEAK = YES;
				CLANG_WARN_BLOCK_CAPTURE_AUTORELEASING = YES;
				CLANG_WARN_BOOL_CONVERSION = YES;
				CLANG_WARN_COMMA = YES;
				CLANG_WARN_CONSTANT_CONVERSION = YES;
				CLANG_WARN_DEPRECATED_OBJC_IMPLEMENTATIONS = YES;
				CLANG_WARN_DIRECT_OBJC_ISA_USAGE = YES_ERROR;
				CLANG_WARN_DOCUMENTATION_COMMENTS = YES;
				CLANG_WARN_EMPTY_BODY = YES;
				CLANG_WARN_ENUM_CONVERSION = YES;
				CLANG_WARN_INFINITE_RECURSION = YES;
				CLANG_WARN_INT_CONVERSION = YES;
				CLANG_WARN_NON_LITERAL_NULL_CONVERSION = YES;
				CLANG_WARN_OBJC_IMPLICIT_RETAIN_SELF = YES;
				CLANG_WARN_OBJC_LITERAL_CONVERSION = YES;
				CLANG_WARN_OBJC_ROOT_CLASS = YES_ERROR;
				CLANG_WARN_RANGE_LOOP_ANALYSIS = YES;
				CLANG_WARN_STRICT_PROTOTYPES = YES;
				CLANG_WARN_SUSPICIOUS_MOVE = YES;
				CLANG_WARN_UNGUARDED_AVAILABILITY = YES_AGGRESSIVE;
				CLANG_WARN_UNREACHABLE_CODE = YES;
				CLANG_WARN__DUPLICATE_METHOD_MATCH = YES;
				CODE_SIGN_IDENTITY = "iPhone Developer";
				COPY_PHASE_STRIP = NO;
				DEBUG_INFORMATION_FORMAT = dwarf;
				ENABLE_STRICT_OBJC_MSGSEND = YES;
				ENABLE_TESTABILITY = YES;
				GCC_C_LANGUAGE_STANDARD = gnu11;
				GCC_DYNAMIC_NO_PIC = NO;
				GCC_NO_COMMON_BLOCKS = YES;
				GCC_OPTIMIZATION_LEVEL = 0;
				GCC_PREPROCESSOR_DEFINITIONS = (
					"DEBUG=1",
					"$(inherited)",
				);
				GCC_WARN_64_TO_32_BIT_CONVERSION = YES;
				GCC_WARN_ABOUT_RETURN_TYPE = YES_ERROR;
				GCC_WARN_UNDECLARED_SELECTOR = YES;
				GCC_WARN_UNINITIALIZED_AUTOS = YES_AGGRESSIVE;
				GCC_WARN_UNUSED_FUNCTION = YES;
				GCC_WARN_UNUSED_VARIABLE = YES;
				IPHONEOS_DEPLOYMENT_TARGET = 12.0;
				MTL_ENABLE_DEBUG_INFO = INCLUDE_SOURCE;
				MTL_FAST_MATH = YES;
				ONLY_ACTIVE_ARCH = YES;
				SDKROOT = iphoneos;
				SWIFT_ACTIVE_COMPILATION_CONDITIONS = DEBUG;
				SWIFT_OPTIMIZATION_LEVEL = "-Onone";
			};
			name = Debug;
		};
		7A330F9E216B777A00137F78 /* Release */ = {
			isa = XCBuildConfiguration;
			buildSettings = {
				ALWAYS_SEARCH_USER_PATHS = NO;
				CLANG_ANALYZER_LOCALIZABILITY_NONLOCALIZED = YES;
				CLANG_ANALYZER_NONNULL = YES;
				CLANG_ANALYZER_NUMBER_OBJECT_CONVERSION = YES_AGGRESSIVE;
				CLANG_CXX_LANGUAGE_STANDARD = "gnu++14";
				CLANG_CXX_LIBRARY = "libc++";
				CLANG_ENABLE_MODULES = YES;
				CLANG_ENABLE_OBJC_ARC = YES;
				CLANG_ENABLE_OBJC_WEAK = YES;
				CLANG_WARN_BLOCK_CAPTURE_AUTORELEASING = YES;
				CLANG_WARN_BOOL_CONVERSION = YES;
				CLANG_WARN_COMMA = YES;
				CLANG_WARN_CONSTANT_CONVERSION = YES;
				CLANG_WARN_DEPRECATED_OBJC_IMPLEMENTATIONS = YES;
				CLANG_WARN_DIRECT_OBJC_ISA_USAGE = YES_ERROR;
				CLANG_WARN_DOCUMENTATION_COMMENTS = YES;
				CLANG_WARN_EMPTY_BODY = YES;
				CLANG_WARN_ENUM_CONVERSION = YES;
				CLANG_WARN_INFINITE_RECURSION = YES;
				CLANG_WARN_INT_CONVERSION = YES;
				CLANG_WARN_NON_LITERAL_NULL_CONVERSION = YES;
				CLANG_WARN_OBJC_IMPLICIT_RETAIN_SELF = YES;
				CLANG_WARN_OBJC_LITERAL_CONVERSION = YES;
				CLANG_WARN_OBJC_ROOT_CLASS = YES_ERROR;
				CLANG_WARN_RANGE_LOOP_ANALYSIS = YES;
				CLANG_WARN_STRICT_PROTOTYPES = YES;
				CLANG_WARN_SUSPICIOUS_MOVE = YES;
				CLANG_WARN_UNGUARDED_AVAILABILITY = YES_AGGRESSIVE;
				CLANG_WARN_UNREACHABLE_CODE = YES;
				CLANG_WARN__DUPLICATE_METHOD_MATCH = YES;
				CODE_SIGN_IDENTITY = "iPhone Developer";
				COPY_PHASE_STRIP = NO;
				DEBUG_INFORMATION_FORMAT = "dwarf-with-dsym";
				ENABLE_NS_ASSERTIONS = NO;
				ENABLE_STRICT_OBJC_MSGSEND = YES;
				GCC_C_LANGUAGE_STANDARD = gnu11;
				GCC_NO_COMMON_BLOCKS = YES;
				GCC_WARN_64_TO_32_BIT_CONVERSION = YES;
				GCC_WARN_ABOUT_RETURN_TYPE = YES_ERROR;
				GCC_WARN_UNDECLARED_SELECTOR = YES;
				GCC_WARN_UNINITIALIZED_AUTOS = YES_AGGRESSIVE;
				GCC_WARN_UNUSED_FUNCTION = YES;
				GCC_WARN_UNUSED_VARIABLE = YES;
				IPHONEOS_DEPLOYMENT_TARGET = 12.0;
				MTL_ENABLE_DEBUG_INFO = NO;
				MTL_FAST_MATH = YES;
				SDKROOT = iphoneos;
				SWIFT_COMPILATION_MODE = wholemodule;
				SWIFT_OPTIMIZATION_LEVEL = "-O";
				VALIDATE_PRODUCT = YES;
			};
			name = Release;
		};
		7A330FA0216B777A00137F78 /* Debug */ = {
			isa = XCBuildConfiguration;
			buildSettings = {
				ASSETCATALOG_COMPILER_COMPLICATION_NAME = Complication;
				CODE_SIGN_ENTITLEMENTS = "Weight WatchKit Extension/Weight WatchKit Extension.entitlements";
				CODE_SIGN_STYLE = Automatic;
				DEVELOPMENT_TEAM = BK7V42LCFN;
				INFOPLIST_FILE = "Weight WatchKit Extension/Info.plist";
				LD_RUNPATH_SEARCH_PATHS = (
					"$(inherited)",
					"@executable_path/Frameworks",
					"@executable_path/../../Frameworks",
				);
				PRODUCT_BUNDLE_IDENTIFIER = jsom.Weight.watchkitapp.watchkitextension;
				PRODUCT_NAME = "$(TARGET_NAME)";
				SDKROOT = watchos;
				SKIP_INSTALL = YES;
				SWIFT_VERSION = 4.2;
				TARGETED_DEVICE_FAMILY = 4;
				WATCHOS_DEPLOYMENT_TARGET = 5.0;
			};
			name = Debug;
		};
		7A330FA1216B777A00137F78 /* Release */ = {
			isa = XCBuildConfiguration;
			buildSettings = {
				ASSETCATALOG_COMPILER_COMPLICATION_NAME = Complication;
				CODE_SIGN_ENTITLEMENTS = "Weight WatchKit Extension/Weight WatchKit Extension.entitlements";
				CODE_SIGN_STYLE = Automatic;
				DEVELOPMENT_TEAM = BK7V42LCFN;
				INFOPLIST_FILE = "Weight WatchKit Extension/Info.plist";
				LD_RUNPATH_SEARCH_PATHS = (
					"$(inherited)",
					"@executable_path/Frameworks",
					"@executable_path/../../Frameworks",
				);
				PRODUCT_BUNDLE_IDENTIFIER = jsom.Weight.watchkitapp.watchkitextension;
				PRODUCT_NAME = "$(TARGET_NAME)";
				SDKROOT = watchos;
				SKIP_INSTALL = YES;
				SWIFT_VERSION = 4.2;
				TARGETED_DEVICE_FAMILY = 4;
				WATCHOS_DEPLOYMENT_TARGET = 5.0;
			};
			name = Release;
		};
		7A330FA4216B777A00137F78 /* Debug */ = {
			isa = XCBuildConfiguration;
			buildSettings = {
				ALWAYS_EMBED_SWIFT_STANDARD_LIBRARIES = YES;
				ASSETCATALOG_COMPILER_APPICON_NAME = AppIcon;
				CODE_SIGN_STYLE = Automatic;
				DEVELOPMENT_TEAM = BK7V42LCFN;
				IBSC_MODULE = Weight_WatchKit_Extension;
				INFOPLIST_FILE = "Weight WatchKit App/Info.plist";
				PRODUCT_BUNDLE_IDENTIFIER = jsom.Weight.watchkitapp;
				PRODUCT_NAME = "$(TARGET_NAME)";
				SDKROOT = watchos;
				SKIP_INSTALL = YES;
				SWIFT_VERSION = 4.2;
				TARGETED_DEVICE_FAMILY = 4;
				WATCHOS_DEPLOYMENT_TARGET = 5.0;
			};
			name = Debug;
		};
		7A330FA5216B777A00137F78 /* Release */ = {
			isa = XCBuildConfiguration;
			buildSettings = {
				ALWAYS_EMBED_SWIFT_STANDARD_LIBRARIES = YES;
				ASSETCATALOG_COMPILER_APPICON_NAME = AppIcon;
				CODE_SIGN_STYLE = Automatic;
				DEVELOPMENT_TEAM = BK7V42LCFN;
				IBSC_MODULE = Weight_WatchKit_Extension;
				INFOPLIST_FILE = "Weight WatchKit App/Info.plist";
				PRODUCT_BUNDLE_IDENTIFIER = jsom.Weight.watchkitapp;
				PRODUCT_NAME = "$(TARGET_NAME)";
				SDKROOT = watchos;
				SKIP_INSTALL = YES;
				SWIFT_VERSION = 4.2;
				TARGETED_DEVICE_FAMILY = 4;
				WATCHOS_DEPLOYMENT_TARGET = 5.0;
			};
			name = Release;
		};
		7A330FA8216B777A00137F78 /* Debug */ = {
			isa = XCBuildConfiguration;
			buildSettings = {
				ASSETCATALOG_COMPILER_APPICON_NAME = AppIcon;
				CODE_SIGN_ENTITLEMENTS = Weight/Weight.entitlements;
				CODE_SIGN_STYLE = Automatic;
				DEVELOPMENT_TEAM = BK7V42LCFN;
				INFOPLIST_FILE = Weight/Info.plist;
				LD_RUNPATH_SEARCH_PATHS = (
					"$(inherited)",
					"@executable_path/Frameworks",
				);
				PRODUCT_BUNDLE_IDENTIFIER = jsom.Weight;
				PRODUCT_NAME = "$(TARGET_NAME)";
				SWIFT_VERSION = 4.2;
				TARGETED_DEVICE_FAMILY = 1;
			};
			name = Debug;
		};
		7A330FA9216B777A00137F78 /* Release */ = {
			isa = XCBuildConfiguration;
			buildSettings = {
				ASSETCATALOG_COMPILER_APPICON_NAME = AppIcon;
				CODE_SIGN_ENTITLEMENTS = Weight/Weight.entitlements;
				CODE_SIGN_STYLE = Automatic;
				DEVELOPMENT_TEAM = BK7V42LCFN;
				INFOPLIST_FILE = Weight/Info.plist;
				LD_RUNPATH_SEARCH_PATHS = (
					"$(inherited)",
					"@executable_path/Frameworks",
				);
				PRODUCT_BUNDLE_IDENTIFIER = jsom.Weight;
				PRODUCT_NAME = "$(TARGET_NAME)";
				SWIFT_VERSION = 4.2;
				TARGETED_DEVICE_FAMILY = 1;
			};
			name = Release;
		};
/* End XCBuildConfiguration section */

/* Begin XCConfigurationList section */
		7A330F6B216B777800137F78 /* Build configuration list for PBXProject "Weight" */ = {
			isa = XCConfigurationList;
			buildConfigurations = (
				7A330F9D216B777A00137F78 /* Debug */,
				7A330F9E216B777A00137F78 /* Release */,
			);
			defaultConfigurationIsVisible = 0;
			defaultConfigurationName = Release;
		};
		7A330F9F216B777A00137F78 /* Build configuration list for PBXNativeTarget "Weight WatchKit Extension" */ = {
			isa = XCConfigurationList;
			buildConfigurations = (
				7A330FA0216B777A00137F78 /* Debug */,
				7A330FA1216B777A00137F78 /* Release */,
			);
			defaultConfigurationIsVisible = 0;
			defaultConfigurationName = Release;
		};
		7A330FA3216B777A00137F78 /* Build configuration list for PBXNativeTarget "Weight WatchKit App" */ = {
			isa = XCConfigurationList;
			buildConfigurations = (
				7A330FA4216B777A00137F78 /* Debug */,
				7A330FA5216B777A00137F78 /* Release */,
			);
			defaultConfigurationIsVisible = 0;
			defaultConfigurationName = Release;
		};
		7A330FA7216B777A00137F78 /* Build configuration list for PBXNativeTarget "Weight" */ = {
			isa = XCConfigurationList;
			buildConfigurations = (
				7A330FA8216B777A00137F78 /* Debug */,
				7A330FA9216B777A00137F78 /* Release */,
			);
			defaultConfigurationIsVisible = 0;
			defaultConfigurationName = Release;
		};
/* End XCConfigurationList section */
	};
	rootObject = 7A330F68216B777800137F78 /* Project object */;
}
